<?xml version="1.0" encoding="utf-8"?>
<Project ToolsVersion="4.0" xmlns="http://schemas.microsoft.com/developer/msbuild/2003">
  <ItemGroup>
    <Filter Include="Source Files">
      <UniqueIdentifier>{4FC737F1-C7A5-4376-A066-2A32D752A2FF}</UniqueIdentifier>
      <Extensions>cpp;c;cc;cxx;c++;cppm;ixx;def;odl;idl;hpj;bat;asm;asmx</Extensions>
    </Filter>
    <Filter Include="Header Files">
      <UniqueIdentifier>{93995380-89BD-4b04-88EB-625FBE52EBFB}</UniqueIdentifier>
      <Extensions>h;hh;hpp;hxx;h++;hm;inl;inc;ipp;xsd</Extensions>
    </Filter>
    <Filter Include="Resource Files">
      <UniqueIdentifier>{67DA6AB6-F800-4c08-8B7A-83BB121AAD01}</UniqueIdentifier>
      <Extensions>rc;ico;cur;bmp;dlg;rc2;rct;bin;rgs;gif;jpg;jpeg;jpe;resx;tiff;tif;png;wav;mfcribbon-ms</Extensions>
    </Filter>
    <Filter Include="Source Files\Engine">
      <UniqueIdentifier>{dffd019d-ffbf-4590-9f39-bff30a56d245}</UniqueIdentifier>
    </Filter>
    <Filter Include="Header Files\Engine">
      <UniqueIdentifier>{0c599e03-9089-4afb-bf3a-23857773e3f8}</UniqueIdentifier>
    </Filter>
    <Filter Include="Source Files\Engine\ECS">
      <UniqueIdentifier>{bdf5e64e-487c-4785-af8e-655660c5d6f7}</UniqueIdentifier>
    </Filter>
    <Filter Include="Source Files\Engine\ECS\Components">
      <UniqueIdentifier>{09613ad5-b139-4c2c-a2ba-02e02e9f105b}</UniqueIdentifier>
    </Filter>
    <Filter Include="Header Files\Engine\ECS">
      <UniqueIdentifier>{141822fd-7c7a-4774-ba61-7af650b07a97}</UniqueIdentifier>
    </Filter>
    <Filter Include="Header Files\Engine\ECS\Components">
      <UniqueIdentifier>{9592a09a-90ab-4dbf-9ce6-503b8da8c3da}</UniqueIdentifier>
    </Filter>
    <Filter Include="Header Files\Engine\Network">
      <UniqueIdentifier>{1a149eb2-99c3-4a59-b3dd-558f8875c0a8}</UniqueIdentifier>
    </Filter>
    <Filter Include="Source Files\Utility">
      <UniqueIdentifier>{130350fa-163a-4a8a-9ed3-313f75099c75}</UniqueIdentifier>
    </Filter>
    <Filter Include="Header Files\Engine\Physics">
      <UniqueIdentifier>{e5d62106-5e95-43dc-806b-e72b2e5ab95d}</UniqueIdentifier>
    </Filter>
    <Filter Include="Header Files\Engine\Data">
      <UniqueIdentifier>{6ac2e665-9293-4f1f-92fa-e67c13022a66}</UniqueIdentifier>
    </Filter>
    <Filter Include="Header Files\Utility">
      <UniqueIdentifier>{78e9cdd6-e598-4f8b-84f7-aa901f0445f9}</UniqueIdentifier>
    </Filter>
    <Filter Include="Source Files\Engine\Network">
      <UniqueIdentifier>{6bd473df-485c-4538-8bfc-75024f9a9077}</UniqueIdentifier>
    </Filter>
    <Filter Include="Source Files\Engine\Physics">
      <UniqueIdentifier>{d7bfcd28-0af0-4470-b205-7b92ad8f7bbe}</UniqueIdentifier>
    </Filter>
    <Filter Include="Source Files\Engine\Data">
      <UniqueIdentifier>{f3eeb891-f407-4379-a74c-39bceea5152c}</UniqueIdentifier>
    </Filter>
    <Filter Include="Source Files\Engine\ECS\NetComponents">
      <UniqueIdentifier>{38c6ff50-c9c2-4b26-8649-79b486eb9286}</UniqueIdentifier>
    </Filter>
    <Filter Include="Header Files\Engine\ECS\Components\ComponentMolds">
      <UniqueIdentifier>{65ca79fb-5a78-4e18-bf87-9b365fc0fabb}</UniqueIdentifier>
    </Filter>
    <Filter Include="Header Files\Engine\ECS\Components\NetComponents">
      <UniqueIdentifier>{3b8b5e0a-4bb6-4261-903a-8f6f42bc7ca6}</UniqueIdentifier>
    </Filter>
    <Filter Include="Header Files\Engine\Data\Scenes">
      <UniqueIdentifier>{f3365c78-054b-4ce5-b435-b3f0b00818fe}</UniqueIdentifier>
    </Filter>
    <Filter Include="Header Files\Engine\Data\Settings">
      <UniqueIdentifier>{e4e7a163-4ddb-4b29-9d74-9d1a19c3e363}</UniqueIdentifier>
    </Filter>
    <Filter Include="Header Files\Engine\Data\Game">
      <UniqueIdentifier>{0c6e79a4-a767-4cd2-9947-4f07b4f717a1}</UniqueIdentifier>
    </Filter>
    <Filter Include="Source Files\Engine\Data\Scenes">
      <UniqueIdentifier>{4cae2f94-29c0-4158-bb8a-a1c2c0392c41}</UniqueIdentifier>
    </Filter>
    <Filter Include="Source Files\Engine\Data\Game">
      <UniqueIdentifier>{29d91e14-fe51-41ca-a549-eb022150158b}</UniqueIdentifier>
    </Filter>
    <Filter Include="Header Files\Engine\Data\GameMode">
      <UniqueIdentifier>{129e485b-5e60-4901-b9d6-e1af8d6f3c33}</UniqueIdentifier>
    </Filter>
  </ItemGroup>
  <ItemGroup>
    <ClCompile Include="main.cpp">
      <Filter>Source Files</Filter>
    </ClCompile>
    <ClCompile Include="Entity.cpp">
      <Filter>Source Files\Engine\ECS</Filter>
    </ClCompile>
    <ClCompile Include="Transform.cpp">
      <Filter>Source Files\Engine\ECS\Components</Filter>
    </ClCompile>
    <ClCompile Include="EntityManager.cpp">
      <Filter>Source Files\Engine\ECS</Filter>
    </ClCompile>
    <ClCompile Include="NetworkManager.cpp">
      <Filter>Source Files\Engine\Network</Filter>
    </ClCompile>
    <ClCompile Include="Vector.cpp">
      <Filter>Source Files\Utility</Filter>
    </ClCompile>
    <ClCompile Include="NetTransform.cpp">
      <Filter>Source Files\Engine\ECS\NetComponents</Filter>
    </ClCompile>
    <ClCompile Include="GameServer.cpp">
      <Filter>Source Files\Engine\Network</Filter>
    </ClCompile>
    <ClCompile Include="GameClient.cpp">
      <Filter>Source Files\Engine\Network</Filter>
    </ClCompile>
    <ClCompile Include="GamePacket.cpp">
      <Filter>Source Files\Engine\Network</Filter>
    </ClCompile>
    <ClCompile Include="PlayerInput.cpp">
      <Filter>Source Files\Engine\ECS\Components</Filter>
    </ClCompile>
    <ClCompile Include="NetEntity.cpp">
      <Filter>Source Files\Engine\ECS</Filter>
    </ClCompile>
    <ClCompile Include="Input.cpp">
      <Filter>Source Files\Engine</Filter>
    </ClCompile>
    <ClCompile Include="Application.cpp">
      <Filter>Source Files\Engine</Filter>
    </ClCompile>
    <ClCompile Include="GameManager.cpp">
      <Filter>Source Files\Engine</Filter>
    </ClCompile>
    <ClCompile Include="Scene.cpp">
      <Filter>Source Files\Engine\Data\Scenes</Filter>
    </ClCompile>
    <ClCompile Include="SceneManager.cpp">
      <Filter>Source Files\Engine\Data\Scenes</Filter>
    </ClCompile>
    <ClCompile Include="GameTeam.cpp">
      <Filter>Source Files\Engine\Data\Game</Filter>
    </ClCompile>
    <ClCompile Include="GamePlayer.cpp">
      <Filter>Source Files\Engine\Data\Game</Filter>
    </ClCompile>
    <ClCompile Include="ButtonComponent.cpp">
      <Filter>Source Files\Engine\ECS\Components</Filter>
    </ClCompile>
  </ItemGroup>
  <ItemGroup>
    <ClInclude Include="ECS.h">
      <Filter>Header Files\Engine\ECS</Filter>
    </ClInclude>
    <ClInclude Include="Component.h">
      <Filter>Header Files\Engine\ECS\Components</Filter>
    </ClInclude>
    <ClInclude Include="Entity.h">
      <Filter>Header Files\Engine\ECS</Filter>
    </ClInclude>
    <ClInclude Include="Transform.h">
      <Filter>Header Files\Engine\ECS\Components</Filter>
    </ClInclude>
    <ClInclude Include="EntityManager.h">
      <Filter>Header Files\Engine\ECS</Filter>
    </ClInclude>
    <ClInclude Include="NetworkManager.h">
      <Filter>Header Files\Engine\Network</Filter>
    </ClInclude>
    <ClInclude Include="NetTransform.h">
      <Filter>Header Files\Engine\ECS\Components\NetComponents</Filter>
    </ClInclude>
    <ClInclude Include="GameClient.h">
      <Filter>Header Files\Engine\Network</Filter>
    </ClInclude>
    <ClInclude Include="GameServer.h">
      <Filter>Header Files\Engine\Network</Filter>
    </ClInclude>
    <ClInclude Include="GamePacket.h">
      <Filter>Header Files\Engine\Network</Filter>
    </ClInclude>
    <ClInclude Include="NetTransformMold.h">
      <Filter>Header Files\Engine\ECS\Components\ComponentMolds</Filter>
    </ClInclude>
    <ClInclude Include="Vector2Mold.h">
      <Filter>Header Files\Engine\ECS\Components\ComponentMolds</Filter>
    </ClInclude>
    <ClInclude Include="Vector.h">
      <Filter>Header Files\Utility</Filter>
    </ClInclude>
    <ClInclude Include="EventDriver.h">
      <Filter>Header Files\Utility</Filter>
    </ClInclude>
    <ClInclude Include="ComponentType.h">
      <Filter>Header Files\Engine\ECS\Components</Filter>
    </ClInclude>
    <ClInclude Include="GameManager.h">
      <Filter>Header Files\Engine</Filter>
    </ClInclude>
    <ClInclude Include="NetComponent.h">
      <Filter>Header Files\Engine\ECS\Components\NetComponents</Filter>
    </ClInclude>
    <ClInclude Include="PlayerInput.h">
      <Filter>Header Files\Engine\ECS\Components</Filter>
    </ClInclude>
    <ClInclude Include="NetEntity.h">
      <Filter>Header Files\Engine\ECS</Filter>
    </ClInclude>
    <ClInclude Include="Application.h">
      <Filter>Header Files\Engine</Filter>
    </ClInclude>
    <ClInclude Include="Input.h">
      <Filter>Header Files\Engine</Filter>
    </ClInclude>
    <ClInclude Include="Scene.h">
      <Filter>Header Files\Engine\Data\Scenes</Filter>
    </ClInclude>
    <ClInclude Include="SceneManager.h">
      <Filter>Header Files\Engine\Data\Scenes</Filter>
    </ClInclude>
    <ClInclude Include="SceneMold.h">
      <Filter>Header Files\Engine\Data\Scenes</Filter>
    </ClInclude>
    <ClInclude Include="AppSettings.h">
      <Filter>Header Files\Engine\Data\Settings</Filter>
    </ClInclude>
    <ClInclude Include="GameModeTeam.h">
      <Filter>Header Files\Engine\Data\GameMode</Filter>
    </ClInclude>
    <ClInclude Include="GameMode.h">
      <Filter>Header Files\Engine\Data\GameMode</Filter>
    </ClInclude>
    <ClInclude Include="GameModeRules.h">
      <Filter>Header Files\Engine\Data\GameMode</Filter>
    </ClInclude>
    <ClInclude Include="GameTeam.h">
      <Filter>Header Files\Engine\Data\Game</Filter>
    </ClInclude>
    <ClInclude Include="GamePlayer.h">
      <Filter>Header Files\Engine\Data\Game</Filter>
    </ClInclude>
    <ClInclude Include="TeamIDDefaults.h">
      <Filter>Header Files\Engine\Data\GameMode</Filter>
    </ClInclude>
    <ClInclude Include="GameModeOutcome.h">
      <Filter>Header Files\Engine\Data\GameMode</Filter>
    </ClInclude>
    <ClInclude Include="ButtonComponent.h">
      <Filter>Header Files\Engine\ECS\Components</Filter>
    </ClInclude>
    <ClInclude Include="SceneFactory.h">
      <Filter>Header Files\Engine\Data\Scenes</Filter>
    </ClInclude>
    <ClInclude Include="TestGameMode.h">
      <Filter>Header Files\Engine\Data\GameMode</Filter>
    </ClInclude>
    <ClInclude Include="SceneBundle.h">
      <Filter>Header Files\Engine\Data\Scenes</Filter>
    </ClInclude>
  </ItemGroup>
  <ItemGroup>
    <None Include="packages.config" />
  </ItemGroup>
</Project>